// !$*UTF8*$!
{
	archiveVersion = 1;
	classes = {
	};
	objectVersion = 56;
	objects = {

/* Begin PBXBuildFile section */
		A10000000000000000000001 /* GrokUsageBarApp.swift in Sources */ = {isa = PBXBuildFile; fileRef = B10000000000000000000001 /* GrokUsageBarApp.swift */; };
		A10000000000000000000002 /* BillingUsage.swift in Sources */ = {isa = PBXBuildFile; fileRef = B10000000000000000000002 /* BillingUsage.swift */; };
		A10000000000000000000003 /* GrokAuthStore.swift in Sources */ = {isa = PBXBuildFile; fileRef = B10000000000000000000003 /* GrokAuthStore.swift */; };
		A10000000000000000000004 /* BillingService.swift in Sources */ = {isa = PBXBuildFile; fileRef = B10000000000000000000004 /* BillingService.swift */; };
		A10000000000000000000005 /* UsageStore.swift in Sources */ = {isa = PBXBuildFile; fileRef = B10000000000000000000005 /* UsageStore.swift */; };
		A10000000000000000000006 /* MenuBarLabel.swift in Sources */ = {isa = PBXBuildFile; fileRef = B10000000000000000000006 /* MenuBarLabel.swift */; };
		A10000000000000000000007 /* MenuBarPanel.swift in Sources */ = {isa = PBXBuildFile; fileRef = B10000000000000000000007 /* MenuBarPanel.swift */; };
		A10000000000000000000008 /* SettingsView.swift in Sources */ = {isa = PBXBuildFile; fileRef = B10000000000000000000008 /* SettingsView.swift */; };
		A10000000000000000000009 /* Assets.xcassets in Resources */ = {isa = PBXBuildFile; fileRef = B10000000000000000000009 /* Assets.xcassets */; };
		A1000000000000000000000B /* UsageNotifier.swift in Sources */ = {isa = PBXBuildFile; fileRef = B1000000000000000000000B /* UsageNotifier.swift */; };
		A1000000000000000000000C /* LaunchAtLogin.swift in Sources */ = {isa = PBXBuildFile; fileRef = B1000000000000000000000C /* LaunchAtLogin.swift */; };
		A1000000000000000000000D /* SparklineView.swift in Sources */ = {isa = PBXBuildFile; fileRef = B1000000000000000000000D /* SparklineView.swift */; };
/* End PBXBuildFile section */

/* Begin PBXFileReference section */
		B10000000000000000000001 /* GrokUsageBarApp.swift */ = {isa = PBXFileReference; lastKnownFileType = sourcecode.swift; path = GrokUsageBarApp.swift; sourceTree = "<group>"; };
		B10000000000000000000002 /* BillingUsage.swift */ = {isa = PBXFileReference; lastKnownFileType = sourcecode.swift; path = BillingUsage.swift; sourceTree = "<group>"; };
		B10000000000000000000003 /* GrokAuthStore.swift */ = {isa = PBXFileReference; lastKnownFileType = sourcecode.swift; path = GrokAuthStore.swift; sourceTree = "<group>"; };
		B10000000000000000000004 /* BillingService.swift */ = {isa = PBXFileReference; lastKnownFileType = sourcecode.swift; path = BillingService.swift; sourceTree = "<group>"; };
		B10000000000000000000005 /* UsageStore.swift */ = {isa = PBXFileReference; lastKnownFileType = sourcecode.swift; path = UsageStore.swift; sourceTree = "<group>"; };
		B10000000000000000000006 /* MenuBarLabel.swift */ = {isa = PBXFileReference; lastKnownFileType = sourcecode.swift; path = MenuBarLabel.swift; sourceTree = "<group>"; };
		B10000000000000000000007 /* MenuBarPanel.swift */ = {isa = PBXFileReference; lastKnownFileType = sourcecode.swift; path = MenuBarPanel.swift; sourceTree = "<group>"; };
		B10000000000000000000008 /* SettingsView.swift */ = {isa = PBXFileReference; lastKnownFileType = sourcecode.swift; path = SettingsView.swift; sourceTree = "<group>"; };
		B10000000000000000000009 /* Assets.xcassets */ = {isa = PBXFileReference; lastKnownFileType = folder.assetcatalog; path = Assets.xcassets; sourceTree = "<group>"; };
		B1000000000000000000000A /* GrokUsageBar.entitlements */ = {isa = PBXFileReference; lastKnownFileType = text.plist.entitlements; path = GrokUsageBar.entitlements; sourceTree = "<group>"; };
		B1000000000000000000000B /* UsageNotifier.swift */ = {isa = PBXFileReference; lastKnownFileType = sourcecode.swift; path = UsageNotifier.swift; sourceTree = "<group>"; };
		B1000000000000000000000C /* LaunchAtLogin.swift */ = {isa = PBXFileReference; lastKnownFileType = sourcecode.swift; path = LaunchAtLogin.swift; sourceTree = "<group>"; };
		B1000000000000000000000D /* SparklineView.swift */ = {isa = PBXFileReference; lastKnownFileType = sourcecode.swift; path = SparklineView.swift; sourceTree = "<group>"; };
		C10000000000000000000001 /* GrokUsageBar.app */ = {isa = PBXFileReference; explicitFileType = wrapper.application; includeInIndex = 0; path = GrokUsageBar.app; sourceTree = BUILT_PRODUCTS_DIR; };
/* End PBXFileReference section */

/* Begin PBXFrameworksBuildPhase section */
		D10000000000000000000001 /* Frameworks */ = {
			isa = PBXFrameworksBuildPhase;
			buildActionMask = 2147483647;
			files = (
			);
			runOnlyForDeploymentPostprocessing = 0;
		};
/* End PBXFrameworksBuildPhase section */

/* Begin PBXGroup section */
		E10000000000000000000001 = {
			isa = PBXGroup;
			children = (
				E10000000000000000000002 /* GrokUsageBar */,
				E10000000000000000000003 /* Products */,
			);
			sourceTree = "<group>";
		};
		E10000000000000000000002 /* GrokUsageBar */ = {
			isa = PBXGroup;
			children = (
				B10000000000000000000001 /* GrokUsageBarApp.swift */,
				E10000000000000000000004 /* Models */,
				E10000000000000000000005 /* Services */,
				E10000000000000000000006 /* Views */,
				B10000000000000000000009 /* Assets.xcassets */,
				B1000000000000000000000A /* GrokUsageBar.entitlements */,
			);
			path = GrokUsageBar;
			sourceTree = "<group>";
		};
		E10000000000000000000003 /* Products */ = {
			isa = PBXGroup;
			children = (
				C10000000000000000000001 /* GrokUsageBar.app */,
			);
			name = Products;
			sourceTree = "<group>";
		};
		E10000000000000000000004 /* Models */ = {
			isa = PBXGroup;
			children = (
				B10000000000000000000002 /* BillingUsage.swift */,
			);
			path = Models;
			sourceTree = "<group>";
		};
		E10000000000000000000005 /* Services */ = {
			isa = PBXGroup;
			children = (
				B10000000000000000000003 /* GrokAuthStore.swift */,
				B10000000000000000000004 /* BillingService.swift */,
				B10000000000000000000005 /* UsageStore.swift */,
				B1000000000000000000000B /* UsageNotifier.swift */,
				B1000000000000000000000C /* LaunchAtLogin.swift */,
			);
			path = Services;
			sourceTree = "<group>";
		};
		E10000000000000000000006 /* Views */ = {
			isa = PBXGroup;
			children = (
				B10000000000000000000006 /* MenuBarLabel.swift */,
				B10000000000000000000007 /* MenuBarPanel.swift */,
				B10000000000000000000008 /* SettingsView.swift */,
				B1000000000000000000000D /* SparklineView.swift */,
			);
			path = Views;
			sourceTree = "<group>";
		};
/* End PBXGroup section */

/* Begin PBXNativeTarget section */
		F10000000000000000000001 /* GrokUsageBar */ = {
			isa = PBXNativeTarget;
			buildConfigurationList = F10000000000000000000004 /* Build configuration list for PBXNativeTarget "GrokUsageBar" */;
			buildPhases = (
				F10000000000000000000002 /* Sources */,
				D10000000000000000000001 /* Frameworks */,
				F10000000000000000000003 /* Resources */,
			);
			buildRules = (
			);
			dependencies = (
			);
			name = GrokUsageBar;
			productName = GrokUsageBar;
			productReference = C10000000000000000000001 /* GrokUsageBar.app */;
			productType = "com.apple.product-type.application";
		};
/* End PBXNativeTarget section */

/* Begin PBXProject section */
		F10000000000000000000005 /* Project object */ = {
			isa = PBXProject;
			attributes = {
				BuildIndependentTargetsInParallel = 1;
				LastSwiftUpdateCheck = 2700;
				LastUpgradeCheck = 2700;
				TargetAttributes = {
					F10000000000000000000001 = {
						CreatedOnToolsVersion = 27.0;
					};
				};
			};
			buildConfigurationList = F10000000000000000000006 /* Build configuration list for PBXProject "GrokUsageBar" */;
			compatibilityVersion = "Xcode 14.0";
			developmentRegion = en;
			hasScannedForEncodings = 0;
			knownRegions = (
				en,
				Base,
			);
			mainGroup = E10000000000000000000001;
			productRefGroup = E10000000000000000000003 /* Products */;
			projectDirPath = "";
			projectRoot = "";
			targets = (
				F10000000000000000000001 /* GrokUsageBar */,
			);
		};
/* End PBXProject section */

/* Begin PBXResourcesBuildPhase section */
		F10000000000000000000003 /* Resources */ = {
			isa = PBXResourcesBuildPhase;
			buildActionMask = 2147483647;
			files = (
				A10000000000000000000009 /* Assets.xcassets in Resources */,
			);
			runOnlyForDeploymentPostprocessing = 0;
		};
/* End PBXResourcesBuildPhase section */

/* Begin PBXSourcesBuildPhase section */
		F10000000000000000000002 /* Sources */ = {
			isa = PBXSourcesBuildPhase;
			buildActionMask = 2147483647;
			files = (
				A10000000000000000000001 /* GrokUsageBarApp.swift in Sources */,
				A10000000000000000000002 /* BillingUsage.swift in Sources */,
				A10000000000000000000003 /* GrokAuthStore.swift in Sources */,
				A10000000000000000000004 /* BillingService.swift in Sources */,
				A10000000000000000000005 /* UsageStore.swift in Sources */,
				A1000000000000000000000B /* UsageNotifier.swift in Sources */,
				A1000000000000000000000C /* LaunchAtLogin.swift in Sources */,
				A10000000000000000000006 /* MenuBarLabel.swift in Sources */,
				A10000000000000000000007 /* MenuBarPanel.swift in Sources */,
				A10000000000000000000008 /* SettingsView.swift in Sources */,
				A1000000000000000000000D /* SparklineView.swift in Sources */,
			);
			runOnlyForDeploymentPostprocessing = 0;
		};
/* End PBXSourcesBuildPhase section */

/* Begin XCBuildConfiguration section */
		F10000000000000000000007 /* Debug */ = {
			isa = XCBuildConfiguration;
			buildSettings = {
				ALWAYS_SEARCH_USER_PATHS = NO;
				CLANG_ENABLE_MODULES = YES;
				CLANG_ENABLE_OBJC_ARC = YES;
				COPY_PHASE_STRIP = NO;
				DEBUG_INFORMATION_FORMAT = dwarf;
				ENABLE_TESTABILITY = YES;
				GCC_DYNAMIC_NO_PIC = NO;
				GCC_OPTIMIZATION_LEVEL = 0;
				MACOSX_DEPLOYMENT_TARGET = 14.0;
				ONLY_ACTIVE_ARCH = YES;
				SDKROOT = macosx;
				SWIFT_ACTIVE_COMPILATION_CONDITIONS = DEBUG;
				SWIFT_OPTIMIZATION_LEVEL = "-Onone";
			};
			name = Debug;
		};
		F10000000000000000000008 /* Release */ = {
			isa = XCBuildConfiguration;
			buildSettings = {
				ALWAYS_SEARCH_USER_PATHS = NO;
				CLANG_ENABLE_MODULES = YES;
				CLANG_ENABLE_OBJC_ARC = YES;
				COPY_PHASE_STRIP = NO;
				DEBUG_INFORMATION_FORMAT = "dwarf-with-dsym";
				MACOSX_DEPLOYMENT_TARGET = 14.0;
				SDKROOT = macosx;
				SWIFT_COMPILATION_MODE = wholemodule;
			};
			name = Release;
		};
		F10000000000000000000009 /* Debug */ = {
			isa = XCBuildConfiguration;
			buildSettings = {
				ASSETCATALOG_COMPILER_APPICON_NAME = AppIcon;
				CODE_SIGN_ENTITLEMENTS = GrokUsageBar/GrokUsageBar.entitlements;
				CODE_SIGN_STYLE = Automatic;
				COMBINE_HIDPI_IMAGES = YES;
				CURRENT_PROJECT_VERSION = 4;
				DEVELOPMENT_TEAM = 6PUHQ5CYQS;
				ENABLE_HARDENED_RUNTIME = YES;
				GENERATE_INFOPLIST_FILE = YES;
				INFOPLIST_KEY_CFBundleDisplayName = "Grok Usage";
				INFOPLIST_KEY_LSApplicationCategoryType = "public.app-category.utilities";
				INFOPLIST_KEY_LSUIElement = YES;
				INFOPLIST_KEY_NSHumanReadableCopyright = "Copyright © 2026 Sergio Comerón";
				LD_RUNPATH_SEARCH_PATHS = (
					"$(inherited)",
					"@executable_path/../Frameworks",
				);
				MACOSX_DEPLOYMENT_TARGET = 14.0;
				MARKETING_VERSION = 0.2.2;
				PRODUCT_BUNDLE_IDENTIFIER = com.sergiocomeron.GrokUsageBar;
				PRODUCT_NAME = "$(TARGET_NAME)";
				SWIFT_EMIT_LOC_STRINGS = YES;
				SWIFT_VERSION = 5.0;
			};
			name = Debug;
		};
		F1000000000000000000000A /* Release */ = {
			isa = XCBuildConfiguration;
			buildSettings = {
				ASSETCATALOG_COMPILER_APPICON_NAME = AppIcon;
				CODE_SIGN_ENTITLEMENTS = GrokUsageBar/GrokUsageBar.entitlements;
				CODE_SIGN_STYLE = Automatic;
				COMBINE_HIDPI_IMAGES = YES;
				CURRENT_PROJECT_VERSION = 4;
				DEVELOPMENT_TEAM = 6PUHQ5CYQS;
				ENABLE_HARDENED_RUNTIME = YES;
				GENERATE_INFOPLIST_FILE = YES;
				INFOPLIST_KEY_CFBundleDisplayName = "Grok Usage";
				INFOPLIST_KEY_LSApplicationCategoryType = "public.app-category.utilities";
				INFOPLIST_KEY_LSUIElement = YES;
				INFOPLIST_KEY_NSHumanReadableCopyright = "Copyright © 2026 Sergio Comerón";
				LD_RUNPATH_SEARCH_PATHS = (
					"$(inherited)",
					"@executable_path/../Frameworks",
				);
				MACOSX_DEPLOYMENT_TARGET = 14.0;
				MARKETING_VERSION = 0.2.2;
				PRODUCT_BUNDLE_IDENTIFIER = com.sergiocomeron.GrokUsageBar;
				PRODUCT_NAME = "$(TARGET_NAME)";
				SWIFT_EMIT_LOC_STRINGS = YES;
				SWIFT_VERSION = 5.0;
			};
			name = Release;
		};
/* End XCBuildConfiguration section */

/* Begin XCConfigurationList section */
		F10000000000000000000004 /* Build configuration list for PBXNativeTarget "GrokUsageBar" */ = {
			isa = XCConfigurationList;
			buildConfigurations = (
				F10000000000000000000009 /* Debug */,
				F1000000000000000000000A /* Release */,
			);
			defaultConfigurationIsVisible = 0;
			defaultConfigurationName = Release;
		};
		F10000000000000000000006 /* Build configuration list for PBXProject "GrokUsageBar" */ = {
			isa = XCConfigurationList;
			buildConfigurations = (
				F10000000000000000000007 /* Debug */,
				F10000000000000000000008 /* Release */,
			);
			defaultConfigurationIsVisible = 0;
			defaultConfigurationName = Release;
		};
/* End XCConfigurationList section */
	};
	rootObject = F10000000000000000000005 /* Project object */;
}
